// !$*UTF8*$!
{
	archiveVersion = 1;
	classes = {
	};
	objectVersion = 56;
	objects = {

/* Begin PBXBuildFile section */
		4B6AFD492AA4D79800A8F694 /* StateView.xib in Resources */ = {isa = PBXBuildFile; fileRef = 4B6AFD482AA4D79800A8F694 /* StateView.xib */; };
		4B6AFD4B2AA4D8FD00A8F694 /* StateView.swift in Sources */ = {isa = PBXBuildFile; fileRef = 4B6AFD4A2AA4D8FD00A8F694 /* StateView.swift */; };
		4B6AFD4E2AA4E33E00A8F694 /* DetailViewModelTests.swift in Sources */ = {isa = PBXBuildFile; fileRef = 4B6AFD4D2AA4E33E00A8F694 /* DetailViewModelTests.swift */; };
		4B6AFD502AA4E82500A8F694 /* DetailHeaderSectionTests.swift in Sources */ = {isa = PBXBuildFile; fileRef = 4B6AFD4F2AA4E82500A8F694 /* DetailHeaderSectionTests.swift */; };
		4B6AFD522AA4E93200A8F694 /* DetailBodySectionTests.swift in Sources */ = {isa = PBXBuildFile; fileRef = 4B6AFD512AA4E93200A8F694 /* DetailBodySectionTests.swift */; };
		4B6AFD542AA4EA4400A8F694 /* DetailHorizontalCellViewModelTests.swift in Sources */ = {isa = PBXBuildFile; fileRef = 4B6AFD532AA4EA4400A8F694 /* DetailHorizontalCellViewModelTests.swift */; };
		4B6AFD562AA4EC4400A8F694 /* DetailHeaderImageCellViewModelTests.swift in Sources */ = {isa = PBXBuildFile; fileRef = 4B6AFD552AA4EC4400A8F694 /* DetailHeaderImageCellViewModelTests.swift */; };
		4B6AFD582AA4ED2300A8F694 /* DetailHorizontalCellTests.swift in Sources */ = {isa = PBXBuildFile; fileRef = 4B6AFD572AA4ED2300A8F694 /* DetailHorizontalCellTests.swift */; };
		4B6AFD5B2AA4EE4000A8F694 /* CollectionViewCellSnapshotContainer.swift in Sources */ = {isa = PBXBuildFile; fileRef = 4B6AFD5A2AA4EE4000A8F694 /* CollectionViewCellSnapshotContainer.swift */; };
		4B6AFD5D2AA4F42C00A8F694 /* DetailHeaderImageCellTests.swift in Sources */ = {isa = PBXBuildFile; fileRef = 4B6AFD5C2AA4F42C00A8F694 /* DetailHeaderImageCellTests.swift */; };
		4B6AFD5F2AA4F68400A8F694 /* DetailViewControllerTests.swift in Sources */ = {isa = PBXBuildFile; fileRef = 4B6AFD5E2AA4F68400A8F694 /* DetailViewControllerTests.swift */; };
		4BD1B22F2AA25121003432B3 /* AppDelegate.swift in Sources */ = {isa = PBXBuildFile; fileRef = 4BD1B22E2AA25121003432B3 /* AppDelegate.swift */; };
		4BD1B2312AA25121003432B3 /* SceneDelegate.swift in Sources */ = {isa = PBXBuildFile; fileRef = 4BD1B2302AA25121003432B3 /* SceneDelegate.swift */; };
		4BD1B2362AA25121003432B3 /* Main.storyboard in Resources */ = {isa = PBXBuildFile; fileRef = 4BD1B2342AA25121003432B3 /* Main.storyboard */; };
		4BD1B2382AA25122003432B3 /* Assets.xcassets in Resources */ = {isa = PBXBuildFile; fileRef = 4BD1B2372AA25122003432B3 /* Assets.xcassets */; };
		4BD1B23B2AA25122003432B3 /* LaunchScreen.storyboard in Resources */ = {isa = PBXBuildFile; fileRef = 4BD1B2392AA25122003432B3 /* LaunchScreen.storyboard */; };
		4BD1B2502AA25122003432B3 /* htv_cat_iosUITests.swift in Sources */ = {isa = PBXBuildFile; fileRef = 4BD1B24F2AA25122003432B3 /* htv_cat_iosUITests.swift */; };
		4BD1B2522AA25122003432B3 /* htv_cat_iosUITestsLaunchTests.swift in Sources */ = {isa = PBXBuildFile; fileRef = 4BD1B2512AA25122003432B3 /* htv_cat_iosUITestsLaunchTests.swift */; };
		4BD1B2622AA254A9003432B3 /* HomeViewController.swift in Sources */ = {isa = PBXBuildFile; fileRef = 4BD1B2612AA254A9003432B3 /* HomeViewController.swift */; };
		4BD1B2652AA25585003432B3 /* Coordinator.swift in Sources */ = {isa = PBXBuildFile; fileRef = 4BD1B2642AA25585003432B3 /* Coordinator.swift */; };
		4BD1B2672AA25598003432B3 /* MainCoordinator.swift in Sources */ = {isa = PBXBuildFile; fileRef = 4BD1B2662AA25598003432B3 /* MainCoordinator.swift */; };
		4BD1B26E2AA258B6003432B3 /* HomeViewModel.swift in Sources */ = {isa = PBXBuildFile; fileRef = 4BD1B26D2AA258B6003432B3 /* HomeViewModel.swift */; };
		4BD1B2712AA25CCF003432B3 /* BreedModel.swift in Sources */ = {isa = PBXBuildFile; fileRef = 4BD1B2702AA25CCF003432B3 /* BreedModel.swift */; };
		4BD1B2732AA25E4A003432B3 /* BreedImageModel.swift in Sources */ = {isa = PBXBuildFile; fileRef = 4BD1B2722AA25E4A003432B3 /* BreedImageModel.swift */; };
		4BD1B2762AA262AA003432B3 /* HTTPClient.swift in Sources */ = {isa = PBXBuildFile; fileRef = 4BD1B2752AA262AA003432B3 /* HTTPClient.swift */; };
		4BD1B2782AA2645D003432B3 /* HTTPRequest.swift in Sources */ = {isa = PBXBuildFile; fileRef = 4BD1B2772AA2645D003432B3 /* HTTPRequest.swift */; };
		4BD1B27A2AA26549003432B3 /* BreedListEndpoint.swift in Sources */ = {isa = PBXBuildFile; fileRef = 4BD1B2792AA26549003432B3 /* BreedListEndpoint.swift */; };
		4BD1B27C2AA27349003432B3 /* ViewState.swift in Sources */ = {isa = PBXBuildFile; fileRef = 4BD1B27B2AA27349003432B3 /* ViewState.swift */; };
		4BD1B27F2AA2749B003432B3 /* BreedRepository.swift in Sources */ = {isa = PBXBuildFile; fileRef = 4BD1B27E2AA2749B003432B3 /* BreedRepository.swift */; };
		4BD1B2822AA282FE003432B3 /* UIView.swift in Sources */ = {isa = PBXBuildFile; fileRef = 4BD1B2812AA282FE003432B3 /* UIView.swift */; };
		4BD1B2842AA28812003432B3 /* BreedCell.swift in Sources */ = {isa = PBXBuildFile; fileRef = 4BD1B2832AA28812003432B3 /* BreedCell.swift */; };
		4BD1B2862AA28954003432B3 /* ConfigurableCell.swift in Sources */ = {isa = PBXBuildFile; fileRef = 4BD1B2852AA28954003432B3 /* ConfigurableCell.swift */; };
		4BD1B2882AA28971003432B3 /* CellViewModel.swift in Sources */ = {isa = PBXBuildFile; fileRef = 4BD1B2872AA28971003432B3 /* CellViewModel.swift */; };
		4BD1B28A2AA289FD003432B3 /* BreedCellViewModel.swift in Sources */ = {isa = PBXBuildFile; fileRef = 4BD1B2892AA289FD003432B3 /* BreedCellViewModel.swift */; };
		4BD1B28C2AA30976003432B3 /* CollectionViewAdapter.swift in Sources */ = {isa = PBXBuildFile; fileRef = 4BD1B28B2AA30976003432B3 /* CollectionViewAdapter.swift */; };
		4BD1B28E2AA309D8003432B3 /* ListSection.swift in Sources */ = {isa = PBXBuildFile; fileRef = 4BD1B28D2AA309D8003432B3 /* ListSection.swift */; };
		4BD1B2902AA30D46003432B3 /* BreedListSection.swift in Sources */ = {isa = PBXBuildFile; fileRef = 4BD1B28F2AA30D46003432B3 /* BreedListSection.swift */; };
		4BD1B2962AA31FF8003432B3 /* DetailBodySection.swift in Sources */ = {isa = PBXBuildFile; fileRef = 4BD1B2952AA31FF8003432B3 /* DetailBodySection.swift */; };
		4BD1B2982AA3203B003432B3 /* TextCell.swift in Sources */ = {isa = PBXBuildFile; fileRef = 4BD1B2972AA3203B003432B3 /* TextCell.swift */; };
		4BD1B29B2AA32ADC003432B3 /* DetailViewController.swift in Sources */ = {isa = PBXBuildFile; fileRef = 4BD1B29A2AA32ADC003432B3 /* DetailViewController.swift */; };
		4BD1B29D2AA32AF3003432B3 /* DetailViewModel.swift in Sources */ = {isa = PBXBuildFile; fileRef = 4BD1B29C2AA32AF3003432B3 /* DetailViewModel.swift */; };
		4BD1B29F2AA32B8E003432B3 /* BreedCoordinator.swift in Sources */ = {isa = PBXBuildFile; fileRef = 4BD1B29E2AA32B8E003432B3 /* BreedCoordinator.swift */; };
		4BD1B2A12AA34512003432B3 /* BaseView.swift in Sources */ = {isa = PBXBuildFile; fileRef = 4BD1B2A02AA34512003432B3 /* BaseView.swift */; };
		4BD1B2A32AA37613003432B3 /* String.swift in Sources */ = {isa = PBXBuildFile; fileRef = 4BD1B2A22AA37613003432B3 /* String.swift */; };
		4BD1B2A62AA381DC003432B3 /* DetailHeaderImageCell.swift in Sources */ = {isa = PBXBuildFile; fileRef = 4BD1B2A52AA381DC003432B3 /* DetailHeaderImageCell.swift */; };
		4BD1B2A82AA38338003432B3 /* DetailHeaderSection.swift in Sources */ = {isa = PBXBuildFile; fileRef = 4BD1B2A72AA38338003432B3 /* DetailHeaderSection.swift */; };
		4BD1B2AA2AA389C0003432B3 /* GradientView.swift in Sources */ = {isa = PBXBuildFile; fileRef = 4BD1B2A92AA389C0003432B3 /* GradientView.swift */; };
		4BD1B2AC2AA3935B003432B3 /* DetailHeaderImageCellViewModel.swift in Sources */ = {isa = PBXBuildFile; fileRef = 4BD1B2AB2AA3935B003432B3 /* DetailHeaderImageCellViewModel.swift */; };
		4BD1B2AE2AA3979E003432B3 /* ImageSearchEndpoint.swift in Sources */ = {isa = PBXBuildFile; fileRef = 4BD1B2AD2AA3979E003432B3 /* ImageSearchEndpoint.swift */; };
		4BD1B2B22AA3B8D6003432B3 /* TextCellViewModel.swift in Sources */ = {isa = PBXBuildFile; fileRef = 4BD1B2B12AA3B8D6003432B3 /* TextCellViewModel.swift */; };
		4BD1B2B52AA3BC83003432B3 /* Kingfisher in Frameworks */ = {isa = PBXBuildFile; productRef = 4BD1B2B42AA3BC83003432B3 /* Kingfisher */; };
		4BD1B2B92AA3C8AE003432B3 /* DetailHorizontalCell.swift in Sources */ = {isa = PBXBuildFile; fileRef = 4BD1B2B82AA3C8AE003432B3 /* DetailHorizontalCell.swift */; };
		4BD1B2BB2AA3D964003432B3 /* DetailHorizontalCellViewModel.swift in Sources */ = {isa = PBXBuildFile; fileRef = 4BD1B2BA2AA3D964003432B3 /* DetailHorizontalCellViewModel.swift */; };
		4BD1B2BF2AA47848003432B3 /* UIStackView.swift in Sources */ = {isa = PBXBuildFile; fileRef = 4BD1B2BE2AA47848003432B3 /* UIStackView.swift */; };
		4BD1B2C32AA4809B003432B3 /* HomeViewModelTests.swift in Sources */ = {isa = PBXBuildFile; fileRef = 4BD1B2C22AA4809B003432B3 /* HomeViewModelTests.swift */; };
		4BD1B2C62AA480CE003432B3 /* BreedRepositoryMock.swift in Sources */ = {isa = PBXBuildFile; fileRef = 4BD1B2C52AA480CE003432B3 /* BreedRepositoryMock.swift */; };
		4BD1B2CB2AA48C5C003432B3 /* empty_json.json in Resources */ = {isa = PBXBuildFile; fileRef = 4BD1B2CA2AA48C5C003432B3 /* empty_json.json */; };
		4BD1B2CD2AA48CB7003432B3 /* MockHelper.swift in Sources */ = {isa = PBXBuildFile; fileRef = 4BD1B2CC2AA48CB7003432B3 /* MockHelper.swift */; };
		4BD1B2D12AA48F15003432B3 /* image_search_endpoint_success.json in Resources */ = {isa = PBXBuildFile; fileRef = 4BD1B2D02AA48F15003432B3 /* image_search_endpoint_success.json */; };
		4BD1B2D42AA49900003432B3 /* CombineSchedulers in Frameworks */ = {isa = PBXBuildFile; productRef = 4BD1B2D32AA49900003432B3 /* CombineSchedulers */; };
		4BDF8D8C2AA4BC83008790FA /* breed_example.json in Resources */ = {isa = PBXBuildFile; fileRef = 4BDF8D8B2AA4BC83008790FA /* breed_example.json */; };
		4BDF8D8E2AA4BFB9008790FA /* AppError.swift in Sources */ = {isa = PBXBuildFile; fileRef = 4BDF8D8D2AA4BFB9008790FA /* AppError.swift */; };
		4BDF8D902AA4C4C1008790FA /* BreedListSectionTests.swift in Sources */ = {isa = PBXBuildFile; fileRef = 4BDF8D8F2AA4C4C1008790FA /* BreedListSectionTests.swift */; };
		4BDF8D922AA4C559008790FA /* SnakeCaseJSONDecoder.swift in Sources */ = {isa = PBXBuildFile; fileRef = 4BDF8D912AA4C559008790FA /* SnakeCaseJSONDecoder.swift */; };
		4BDF8D972AA4C968008790FA /* Environment.swift in Sources */ = {isa = PBXBuildFile; fileRef = 4BDF8D962AA4C968008790FA /* Environment.swift */; };
		4BDF8D992AA4CC52008790FA /* BreedCellViewModelTests.swift in Sources */ = {isa = PBXBuildFile; fileRef = 4BDF8D982AA4CC52008790FA /* BreedCellViewModelTests.swift */; };
		4BDF8D9C2AA4D45B008790FA /* SnapshotTesting in Frameworks */ = {isa = PBXBuildFile; productRef = 4BDF8D9B2AA4D45B008790FA /* SnapshotTesting */; };
		4BDF8D9E2AA4D48B008790FA /* HomeViewControllerTests.swift in Sources */ = {isa = PBXBuildFile; fileRef = 4BDF8D9D2AA4D48B008790FA /* HomeViewControllerTests.swift */; };
		4BEE40BD2AA4FBF800F255B1 /* BreedListEndpointTests.swift in Sources */ = {isa = PBXBuildFile; fileRef = 4BEE40BC2AA4FBF800F255B1 /* BreedListEndpointTests.swift */; };
		4BEE40BF2AA4FD1200F255B1 /* BreedRepositoryTests.swift in Sources */ = {isa = PBXBuildFile; fileRef = 4BEE40BE2AA4FD1200F255B1 /* BreedRepositoryTests.swift */; };
		4BEE40C12AA4FD4E00F255B1 /* HTTPClientMock.swift in Sources */ = {isa = PBXBuildFile; fileRef = 4BEE40C02AA4FD4E00F255B1 /* HTTPClientMock.swift */; };
		4BEE40C32AA5009C00F255B1 /* CollectionViewAdapterTests.swift in Sources */ = {isa = PBXBuildFile; fileRef = 4BEE40C22AA5009C00F255B1 /* CollectionViewAdapterTests.swift */; };
		4BEE40C52AA503F600F255B1 /* HTTPClientTests.swift in Sources */ = {isa = PBXBuildFile; fileRef = 4BEE40C42AA503F600F255B1 /* HTTPClientTests.swift */; };
		4BEE40C72AA5047E00F255B1 /* MockURLProtocol.swift in Sources */ = {isa = PBXBuildFile; fileRef = 4BEE40C62AA5047E00F255B1 /* MockURLProtocol.swift */; };
		4BEE40C92AA50B9300F255B1 /* ViewStateTests.swift in Sources */ = {isa = PBXBuildFile; fileRef = 4BEE40C82AA50B9300F255B1 /* ViewStateTests.swift */; };
		4BEE40CB2AA50E7800F255B1 /* ImageSearchEndpointTests.swift in Sources */ = {isa = PBXBuildFile; fileRef = 4BEE40CA2AA50E7800F255B1 /* ImageSearchEndpointTests.swift */; };
/* End PBXBuildFile section */

/* Begin PBXContainerItemProxy section */
		4BD1B2422AA25122003432B3 /* PBXContainerItemProxy */ = {
			isa = PBXContainerItemProxy;
			containerPortal = 4BD1B2232AA25121003432B3 /* Project object */;
			proxyType = 1;
			remoteGlobalIDString = 4BD1B22A2AA25121003432B3;
			remoteInfo = "htv-cat-ios";
		};
		4BD1B24C2AA25122003432B3 /* PBXContainerItemProxy */ = {
			isa = PBXContainerItemProxy;
			containerPortal = 4BD1B2232AA25121003432B3 /* Project object */;
			proxyType = 1;
			remoteGlobalIDString = 4BD1B22A2AA25121003432B3;
			remoteInfo = "htv-cat-ios";
		};
/* End PBXContainerItemProxy section */

/* Begin PBXFileReference section */
		4B6AFD482AA4D79800A8F694 /* StateView.xib */ = {isa = PBXFileReference; lastKnownFileType = file.xib; path = StateView.xib; sourceTree = "<group>"; };
		4B6AFD4A2AA4D8FD00A8F694 /* StateView.swift */ = {isa = PBXFileReference; lastKnownFileType = sourcecode.swift; path = StateView.swift; sourceTree = "<group>"; };
		4B6AFD4D2AA4E33E00A8F694 /* DetailViewModelTests.swift */ = {isa = PBXFileReference; lastKnownFileType = sourcecode.swift; path = DetailViewModelTests.swift; sourceTree = "<group>"; };
		4B6AFD4F2AA4E82500A8F694 /* DetailHeaderSectionTests.swift */ = {isa = PBXFileReference; lastKnownFileType = sourcecode.swift; path = DetailHeaderSectionTests.swift; sourceTree = "<group>"; };
		4B6AFD512AA4E93200A8F694 /* DetailBodySectionTests.swift */ = {isa = PBXFileReference; lastKnownFileType = sourcecode.swift; path = DetailBodySectionTests.swift; sourceTree = "<group>"; };
		4B6AFD532AA4EA4400A8F694 /* DetailHorizontalCellViewModelTests.swift */ = {isa = PBXFileReference; lastKnownFileType = sourcecode.swift; path = DetailHorizontalCellViewModelTests.swift; sourceTree = "<group>"; };
		4B6AFD552AA4EC4400A8F694 /* DetailHeaderImageCellViewModelTests.swift */ = {isa = PBXFileReference; lastKnownFileType = sourcecode.swift; path = DetailHeaderImageCellViewModelTests.swift; sourceTree = "<group>"; };
		4B6AFD572AA4ED2300A8F694 /* DetailHorizontalCellTests.swift */ = {isa = PBXFileReference; lastKnownFileType = sourcecode.swift; path = DetailHorizontalCellTests.swift; sourceTree = "<group>"; };
		4B6AFD5A2AA4EE4000A8F694 /* CollectionViewCellSnapshotContainer.swift */ = {isa = PBXFileReference; lastKnownFileType = sourcecode.swift; path = CollectionViewCellSnapshotContainer.swift; sourceTree = "<group>"; };
		4B6AFD5C2AA4F42C00A8F694 /* DetailHeaderImageCellTests.swift */ = {isa = PBXFileReference; lastKnownFileType = sourcecode.swift; path = DetailHeaderImageCellTests.swift; sourceTree = "<group>"; };
		4B6AFD5E2AA4F68400A8F694 /* DetailViewControllerTests.swift */ = {isa = PBXFileReference; lastKnownFileType = sourcecode.swift; path = DetailViewControllerTests.swift; sourceTree = "<group>"; };
		4BD1B22B2AA25121003432B3 /* htv-cat-ios.app */ = {isa = PBXFileReference; explicitFileType = wrapper.application; includeInIndex = 0; path = "htv-cat-ios.app"; sourceTree = BUILT_PRODUCTS_DIR; };
		4BD1B22E2AA25121003432B3 /* AppDelegate.swift */ = {isa = PBXFileReference; lastKnownFileType = sourcecode.swift; path = AppDelegate.swift; sourceTree = "<group>"; };
		4BD1B2302AA25121003432B3 /* SceneDelegate.swift */ = {isa = PBXFileReference; lastKnownFileType = sourcecode.swift; path = SceneDelegate.swift; sourceTree = "<group>"; };
		4BD1B2352AA25121003432B3 /* Base */ = {isa = PBXFileReference; lastKnownFileType = file.storyboard; name = Base; path = Base.lproj/Main.storyboard; sourceTree = "<group>"; };
		4BD1B2372AA25122003432B3 /* Assets.xcassets */ = {isa = PBXFileReference; lastKnownFileType = folder.assetcatalog; path = Assets.xcassets; sourceTree = "<group>"; };
		4BD1B23A2AA25122003432B3 /* Base */ = {isa = PBXFileReference; lastKnownFileType = file.storyboard; name = Base; path = Base.lproj/LaunchScreen.storyboard; sourceTree = "<group>"; };
		4BD1B23C2AA25122003432B3 /* Info.plist */ = {isa = PBXFileReference; lastKnownFileType = text.plist.xml; path = Info.plist; sourceTree = "<group>"; };
		4BD1B2412AA25122003432B3 /* htv-cat-iosTests.xctest */ = {isa = PBXFileReference; explicitFileType = wrapper.cfbundle; includeInIndex = 0; path = "htv-cat-iosTests.xctest"; sourceTree = BUILT_PRODUCTS_DIR; };
		4BD1B24B2AA25122003432B3 /* htv-cat-iosUITests.xctest */ = {isa = PBXFileReference; explicitFileType = wrapper.cfbundle; includeInIndex = 0; path = "htv-cat-iosUITests.xctest"; sourceTree = BUILT_PRODUCTS_DIR; };
		4BD1B24F2AA25122003432B3 /* htv_cat_iosUITests.swift */ = {isa = PBXFileReference; lastKnownFileType = sourcecode.swift; path = htv_cat_iosUITests.swift; sourceTree = "<group>"; };
		4BD1B2512AA25122003432B3 /* htv_cat_iosUITestsLaunchTests.swift */ = {isa = PBXFileReference; lastKnownFileType = sourcecode.swift; path = htv_cat_iosUITestsLaunchTests.swift; sourceTree = "<group>"; };
		4BD1B2612AA254A9003432B3 /* HomeViewController.swift */ = {isa = PBXFileReference; lastKnownFileType = sourcecode.swift; path = HomeViewController.swift; sourceTree = "<group>"; };
		4BD1B2642AA25585003432B3 /* Coordinator.swift */ = {isa = PBXFileReference; lastKnownFileType = sourcecode.swift; path = Coordinator.swift; sourceTree = "<group>"; };
		4BD1B2662AA25598003432B3 /* MainCoordinator.swift */ = {isa = PBXFileReference; lastKnownFileType = sourcecode.swift; path = MainCoordinator.swift; sourceTree = "<group>"; };
		4BD1B26D2AA258B6003432B3 /* HomeViewModel.swift */ = {isa = PBXFileReference; lastKnownFileType = sourcecode.swift; path = HomeViewModel.swift; sourceTree = "<group>"; };
		4BD1B2702AA25CCF003432B3 /* BreedModel.swift */ = {isa = PBXFileReference; lastKnownFileType = sourcecode.swift; path = BreedModel.swift; sourceTree = "<group>"; };
		4BD1B2722AA25E4A003432B3 /* BreedImageModel.swift */ = {isa = PBXFileReference; lastKnownFileType = sourcecode.swift; path = BreedImageModel.swift; sourceTree = "<group>"; };
		4BD1B2752AA262AA003432B3 /* HTTPClient.swift */ = {isa = PBXFileReference; lastKnownFileType = sourcecode.swift; path = HTTPClient.swift; sourceTree = "<group>"; };
		4BD1B2772AA2645D003432B3 /* HTTPRequest.swift */ = {isa = PBXFileReference; lastKnownFileType = sourcecode.swift; path = HTTPRequest.swift; sourceTree = "<group>"; };
		4BD1B2792AA26549003432B3 /* BreedListEndpoint.swift */ = {isa = PBXFileReference; lastKnownFileType = sourcecode.swift; path = BreedListEndpoint.swift; sourceTree = "<group>"; };
		4BD1B27B2AA27349003432B3 /* ViewState.swift */ = {isa = PBXFileReference; lastKnownFileType = sourcecode.swift; path = ViewState.swift; sourceTree = "<group>"; };
		4BD1B27E2AA2749B003432B3 /* BreedRepository.swift */ = {isa = PBXFileReference; lastKnownFileType = sourcecode.swift; path = BreedRepository.swift; sourceTree = "<group>"; };
		4BD1B2812AA282FE003432B3 /* UIView.swift */ = {isa = PBXFileReference; lastKnownFileType = sourcecode.swift; path = UIView.swift; sourceTree = "<group>"; };
		4BD1B2832AA28812003432B3 /* BreedCell.swift */ = {isa = PBXFileReference; lastKnownFileType = sourcecode.swift; path = BreedCell.swift; sourceTree = "<group>"; };
		4BD1B2852AA28954003432B3 /* ConfigurableCell.swift */ = {isa = PBXFileReference; lastKnownFileType = sourcecode.swift; path = ConfigurableCell.swift; sourceTree = "<group>"; };
		4BD1B2872AA28971003432B3 /* CellViewModel.swift */ = {isa = PBXFileReference; lastKnownFileType = sourcecode.swift; path = CellViewModel.swift; sourceTree = "<group>"; };
		4BD1B2892AA289FD003432B3 /* BreedCellViewModel.swift */ = {isa = PBXFileReference; lastKnownFileType = sourcecode.swift; path = BreedCellViewModel.swift; sourceTree = "<group>"; };
		4BD1B28B2AA30976003432B3 /* CollectionViewAdapter.swift */ = {isa = PBXFileReference; lastKnownFileType = sourcecode.swift; path = CollectionViewAdapter.swift; sourceTree = "<group>"; };
		4BD1B28D2AA309D8003432B3 /* ListSection.swift */ = {isa = PBXFileReference; lastKnownFileType = sourcecode.swift; path = ListSection.swift; sourceTree = "<group>"; };
		4BD1B28F2AA30D46003432B3 /* BreedListSection.swift */ = {isa = PBXFileReference; lastKnownFileType = sourcecode.swift; path = BreedListSection.swift; sourceTree = "<group>"; };
		4BD1B2952AA31FF8003432B3 /* DetailBodySection.swift */ = {isa = PBXFileReference; lastKnownFileType = sourcecode.swift; path = DetailBodySection.swift; sourceTree = "<group>"; };
		4BD1B2972AA3203B003432B3 /* TextCell.swift */ = {isa = PBXFileReference; lastKnownFileType = sourcecode.swift; path = TextCell.swift; sourceTree = "<group>"; };
		4BD1B29A2AA32ADC003432B3 /* DetailViewController.swift */ = {isa = PBXFileReference; lastKnownFileType = sourcecode.swift; path = DetailViewController.swift; sourceTree = "<group>"; };
		4BD1B29C2AA32AF3003432B3 /* DetailViewModel.swift */ = {isa = PBXFileReference; lastKnownFileType = sourcecode.swift; path = DetailViewModel.swift; sourceTree = "<group>"; };
		4BD1B29E2AA32B8E003432B3 /* BreedCoordinator.swift */ = {isa = PBXFileReference; lastKnownFileType = sourcecode.swift; path = BreedCoordinator.swift; sourceTree = "<group>"; };
		4BD1B2A02AA34512003432B3 /* BaseView.swift */ = {isa = PBXFileReference; lastKnownFileType = sourcecode.swift; path = BaseView.swift; sourceTree = "<group>"; };
		4BD1B2A22AA37613003432B3 /* String.swift */ = {isa = PBXFileReference; lastKnownFileType = sourcecode.swift; path = String.swift; sourceTree = "<group>"; };
		4BD1B2A52AA381DC003432B3 /* DetailHeaderImageCell.swift */ = {isa = PBXFileReference; lastKnownFileType = sourcecode.swift; path = DetailHeaderImageCell.swift; sourceTree = "<group>"; };
		4BD1B2A72AA38338003432B3 /* DetailHeaderSection.swift */ = {isa = PBXFileReference; lastKnownFileType = sourcecode.swift; path = DetailHeaderSection.swift; sourceTree = "<group>"; };
		4BD1B2A92AA389C0003432B3 /* GradientView.swift */ = {isa = PBXFileReference; lastKnownFileType = sourcecode.swift; path = GradientView.swift; sourceTree = "<group>"; };
		4BD1B2AB2AA3935B003432B3 /* DetailHeaderImageCellViewModel.swift */ = {isa = PBXFileReference; lastKnownFileType = sourcecode.swift; path = DetailHeaderImageCellViewModel.swift; sourceTree = "<group>"; };
		4BD1B2AD2AA3979E003432B3 /* ImageSearchEndpoint.swift */ = {isa = PBXFileReference; lastKnownFileType = sourcecode.swift; path = ImageSearchEndpoint.swift; sourceTree = "<group>"; };
		4BD1B2B12AA3B8D6003432B3 /* TextCellViewModel.swift */ = {isa = PBXFileReference; lastKnownFileType = sourcecode.swift; path = TextCellViewModel.swift; sourceTree = "<group>"; };
		4BD1B2B82AA3C8AE003432B3 /* DetailHorizontalCell.swift */ = {isa = PBXFileReference; lastKnownFileType = sourcecode.swift; path = DetailHorizontalCell.swift; sourceTree = "<group>"; };
		4BD1B2BA2AA3D964003432B3 /* DetailHorizontalCellViewModel.swift */ = {isa = PBXFileReference; lastKnownFileType = sourcecode.swift; path = DetailHorizontalCellViewModel.swift; sourceTree = "<group>"; };
		4BD1B2BE2AA47848003432B3 /* UIStackView.swift */ = {isa = PBXFileReference; lastKnownFileType = sourcecode.swift; path = UIStackView.swift; sourceTree = "<group>"; };
		4BD1B2C22AA4809B003432B3 /* HomeViewModelTests.swift */ = {isa = PBXFileReference; lastKnownFileType = sourcecode.swift; path = HomeViewModelTests.swift; sourceTree = "<group>"; };
		4BD1B2C52AA480CE003432B3 /* BreedRepositoryMock.swift */ = {isa = PBXFileReference; lastKnownFileType = sourcecode.swift; path = BreedRepositoryMock.swift; sourceTree = "<group>"; };
		4BD1B2CA2AA48C5C003432B3 /* empty_json.json */ = {isa = PBXFileReference; lastKnownFileType = text.json; path = empty_json.json; sourceTree = "<group>"; };
		4BD1B2CC2AA48CB7003432B3 /* MockHelper.swift */ = {isa = PBXFileReference; lastKnownFileType = sourcecode.swift; path = MockHelper.swift; sourceTree = "<group>"; };
		4BD1B2D02AA48F15003432B3 /* image_search_endpoint_success.json */ = {isa = PBXFileReference; lastKnownFileType = text.json; path = image_search_endpoint_success.json; sourceTree = "<group>"; };
		4BD1B2D62AA49B4D003432B3 /* unit-tests-with-code-coverage.xctestplan */ = {isa = PBXFileReference; lastKnownFileType = text; path = "unit-tests-with-code-coverage.xctestplan"; sourceTree = "<group>"; };
		4BDF8D8B2AA4BC83008790FA /* breed_example.json */ = {isa = PBXFileReference; lastKnownFileType = text.json; path = breed_example.json; sourceTree = "<group>"; };
		4BDF8D8D2AA4BFB9008790FA /* AppError.swift */ = {isa = PBXFileReference; lastKnownFileType = sourcecode.swift; path = AppError.swift; sourceTree = "<group>"; };
		4BDF8D8F2AA4C4C1008790FA /* BreedListSectionTests.swift */ = {isa = PBXFileReference; lastKnownFileType = sourcecode.swift; path = BreedListSectionTests.swift; sourceTree = "<group>"; };
		4BDF8D912AA4C559008790FA /* SnakeCaseJSONDecoder.swift */ = {isa = PBXFileReference; lastKnownFileType = sourcecode.swift; path = SnakeCaseJSONDecoder.swift; sourceTree = "<group>"; };
		4BDF8D942AA4C86A008790FA /* Production.xcconfig */ = {isa = PBXFileReference; lastKnownFileType = text.xcconfig; path = Production.xcconfig; sourceTree = "<group>"; };
		4BDF8D962AA4C968008790FA /* Environment.swift */ = {isa = PBXFileReference; lastKnownFileType = sourcecode.swift; path = Environment.swift; sourceTree = "<group>"; };
		4BDF8D982AA4CC52008790FA /* BreedCellViewModelTests.swift */ = {isa = PBXFileReference; lastKnownFileType = sourcecode.swift; path = BreedCellViewModelTests.swift; sourceTree = "<group>"; };
		4BDF8D9D2AA4D48B008790FA /* HomeViewControllerTests.swift */ = {isa = PBXFileReference; lastKnownFileType = sourcecode.swift; path = HomeViewControllerTests.swift; sourceTree = "<group>"; };
		4BEE40BC2AA4FBF800F255B1 /* BreedListEndpointTests.swift */ = {isa = PBXFileReference; lastKnownFileType = sourcecode.swift; path = BreedListEndpointTests.swift; sourceTree = "<group>"; };
		4BEE40BE2AA4FD1200F255B1 /* BreedRepositoryTests.swift */ = {isa = PBXFileReference; lastKnownFileType = sourcecode.swift; path = BreedRepositoryTests.swift; sourceTree = "<group>"; };
		4BEE40C02AA4FD4E00F255B1 /* HTTPClientMock.swift */ = {isa = PBXFileReference; lastKnownFileType = sourcecode.swift; path = HTTPClientMock.swift; sourceTree = "<group>"; };
		4BEE40C22AA5009C00F255B1 /* CollectionViewAdapterTests.swift */ = {isa = PBXFileReference; lastKnownFileType = sourcecode.swift; path = CollectionViewAdapterTests.swift; sourceTree = "<group>"; };
		4BEE40C42AA503F600F255B1 /* HTTPClientTests.swift */ = {isa = PBXFileReference; lastKnownFileType = sourcecode.swift; path = HTTPClientTests.swift; sourceTree = "<group>"; };
		4BEE40C62AA5047E00F255B1 /* MockURLProtocol.swift */ = {isa = PBXFileReference; lastKnownFileType = sourcecode.swift; path = MockURLProtocol.swift; sourceTree = "<group>"; };
		4BEE40C82AA50B9300F255B1 /* ViewStateTests.swift */ = {isa = PBXFileReference; lastKnownFileType = sourcecode.swift; path = ViewStateTests.swift; sourceTree = "<group>"; };
		4BEE40CA2AA50E7800F255B1 /* ImageSearchEndpointTests.swift */ = {isa = PBXFileReference; lastKnownFileType = sourcecode.swift; path = ImageSearchEndpointTests.swift; sourceTree = "<group>"; };
/* End PBXFileReference section */

/* Begin PBXFrameworksBuildPhase section */
		4BD1B2282AA25121003432B3 /* Frameworks */ = {
			isa = PBXFrameworksBuildPhase;
			buildActionMask = 2147483647;
			files = (
				4BD1B2D42AA49900003432B3 /* CombineSchedulers in Frameworks */,
				4BD1B2B52AA3BC83003432B3 /* Kingfisher in Frameworks */,
			);
			runOnlyForDeploymentPostprocessing = 0;
		};
		4BD1B23E2AA25122003432B3 /* Frameworks */ = {
			isa = PBXFrameworksBuildPhase;
			buildActionMask = 2147483647;
			files = (
				4BDF8D9C2AA4D45B008790FA /* SnapshotTesting in Frameworks */,
			);
			runOnlyForDeploymentPostprocessing = 0;
		};
		4BD1B2482AA25122003432B3 /* Frameworks */ = {
			isa = PBXFrameworksBuildPhase;
			buildActionMask = 2147483647;
			files = (
			);
			runOnlyForDeploymentPostprocessing = 0;
		};
/* End PBXFrameworksBuildPhase section */

/* Begin PBXGroup section */
		4B6AFD472AA4D77C00A8F694 /* Views */ = {
			isa = PBXGroup;
			children = (
				4B6AFD482AA4D79800A8F694 /* StateView.xib */,
				4B6AFD4A2AA4D8FD00A8F694 /* StateView.swift */,
			);
			path = Views;
			sourceTree = "<group>";
		};
		4B6AFD4C2AA4E33000A8F694 /* Details */ = {
			isa = PBXGroup;
			children = (
				4B6AFD4D2AA4E33E00A8F694 /* DetailViewModelTests.swift */,
				4B6AFD4F2AA4E82500A8F694 /* DetailHeaderSectionTests.swift */,
				4B6AFD512AA4E93200A8F694 /* DetailBodySectionTests.swift */,
				4B6AFD532AA4EA4400A8F694 /* DetailHorizontalCellViewModelTests.swift */,
				4B6AFD552AA4EC4400A8F694 /* DetailHeaderImageCellViewModelTests.swift */,
				4B6AFD572AA4ED2300A8F694 /* DetailHorizontalCellTests.swift */,
				4B6AFD5C2AA4F42C00A8F694 /* DetailHeaderImageCellTests.swift */,
				4B6AFD5E2AA4F68400A8F694 /* DetailViewControllerTests.swift */,
			);
			path = Details;
			sourceTree = "<group>";
		};
		4B6AFD592AA4EE2E00A8F694 /* Utils */ = {
			isa = PBXGroup;
			children = (
				4B6AFD5A2AA4EE4000A8F694 /* CollectionViewCellSnapshotContainer.swift */,
			);
			path = Utils;
			sourceTree = "<group>";
		};
		4BD1B2222AA25121003432B3 = {
			isa = PBXGroup;
			children = (
				4BD1B2D62AA49B4D003432B3 /* unit-tests-with-code-coverage.xctestplan */,
				4BD1B22D2AA25121003432B3 /* htv-cat-ios */,
				4BD1B2442AA25122003432B3 /* htv-cat-iosTests */,
				4BD1B24E2AA25122003432B3 /* htv-cat-iosUITests */,
				4BD1B22C2AA25121003432B3 /* Products */,
			);
			sourceTree = "<group>";
		};
		4BD1B22C2AA25121003432B3 /* Products */ = {
			isa = PBXGroup;
			children = (
				4BD1B22B2AA25121003432B3 /* htv-cat-ios.app */,
				4BD1B2412AA25122003432B3 /* htv-cat-iosTests.xctest */,
				4BD1B24B2AA25122003432B3 /* htv-cat-iosUITests.xctest */,
			);
			name = Products;
			sourceTree = "<group>";
		};
		4BD1B22D2AA25121003432B3 /* htv-cat-ios */ = {
			isa = PBXGroup;
			children = (
				4BD1B2632AA25574003432B3 /* Common */,
				4BD1B26F2AA25A66003432B3 /* Models */,
				4BD1B26B2AA258A6003432B3 /* Features */,
				4BD1B2802AA282E7003432B3 /* Extensions */,
				4BD1B25F2AA25438003432B3 /* Storyboards */,
				4BD1B2602AA2544E003432B3 /* Resources */,
				4BDF8D952AA4C86F008790FA /* Environment */,
				4BD1B25E2AA25404003432B3 /* SupportingFiles */,
			);
			path = "htv-cat-ios";
			sourceTree = "<group>";
		};
		4BD1B2442AA25122003432B3 /* htv-cat-iosTests */ = {
			isa = PBXGroup;
			children = (
				4BEE40BB2AA4FBEE00F255B1 /* Common */,
				4BD1B2C02AA4807F003432B3 /* Features */,
				4BD1B2C42AA480BE003432B3 /* Mocks */,
				4B6AFD592AA4EE2E00A8F694 /* Utils */,
			);
			path = "htv-cat-iosTests";
			sourceTree = "<group>";
		};
		4BD1B24E2AA25122003432B3 /* htv-cat-iosUITests */ = {
			isa = PBXGroup;
			children = (
				4BD1B24F2AA25122003432B3 /* htv_cat_iosUITests.swift */,
				4BD1B2512AA25122003432B3 /* htv_cat_iosUITestsLaunchTests.swift */,
			);
			path = "htv-cat-iosUITests";
			sourceTree = "<group>";
		};
		4BD1B25E2AA25404003432B3 /* SupportingFiles */ = {
			isa = PBXGroup;
			children = (
				4BD1B22E2AA25121003432B3 /* AppDelegate.swift */,
				4BD1B2302AA25121003432B3 /* SceneDelegate.swift */,
				4BD1B23C2AA25122003432B3 /* Info.plist */,
			);
			path = SupportingFiles;
			sourceTree = "<group>";
		};
		4BD1B25F2AA25438003432B3 /* Storyboards */ = {
			isa = PBXGroup;
			children = (
				4BD1B2342AA25121003432B3 /* Main.storyboard */,
				4BD1B2392AA25122003432B3 /* LaunchScreen.storyboard */,
			);
			path = Storyboards;
			sourceTree = "<group>";
		};
		4BD1B2602AA2544E003432B3 /* Resources */ = {
			isa = PBXGroup;
			children = (
				4BD1B2372AA25122003432B3 /* Assets.xcassets */,
			);
			path = Resources;
			sourceTree = "<group>";
		};
		4BD1B2632AA25574003432B3 /* Common */ = {
			isa = PBXGroup;
			children = (
				4BD1B2922AA31E05003432B3 /* Repositories */,
				4BD1B2912AA31DF6003432B3 /* Coordinator */,
				4BD1B2742AA26285003432B3 /* Network */,
				4BD1B2932AA31E1C003432B3 /* View */,
				4BDF8D912AA4C559008790FA /* SnakeCaseJSONDecoder.swift */,
			);
			path = Common;
			sourceTree = "<group>";
		};
		4BD1B26B2AA258A6003432B3 /* Features */ = {
			isa = PBXGroup;
			children = (
				4BD1B26C2AA258AC003432B3 /* Home */,
				4BD1B2992AA32AC3003432B3 /* Details */,
			);
			path = Features;
			sourceTree = "<group>";
		};
		4BD1B26C2AA258AC003432B3 /* Home */ = {
			isa = PBXGroup;
			children = (
				4B6AFD472AA4D77C00A8F694 /* Views */,
				4BDF8D932AA4C800008790FA /* Cells */,
				4BD1B2612AA254A9003432B3 /* HomeViewController.swift */,
				4BD1B26D2AA258B6003432B3 /* HomeViewModel.swift */,
			);
			path = Home;
			sourceTree = "<group>";
		};
		4BD1B26F2AA25A66003432B3 /* Models */ = {
			isa = PBXGroup;
			children = (
				4BD1B2702AA25CCF003432B3 /* BreedModel.swift */,
				4BD1B2722AA25E4A003432B3 /* BreedImageModel.swift */,
			);
			path = Models;
			sourceTree = "<group>";
		};
		4BD1B2742AA26285003432B3 /* Network */ = {
			isa = PBXGroup;
			children = (
				4BD1B2752AA262AA003432B3 /* HTTPClient.swift */,
				4BD1B2772AA2645D003432B3 /* HTTPRequest.swift */,
				4BD1B2AF2AA397AC003432B3 /* Endpoints */,
			);
			path = Network;
			sourceTree = "<group>";
		};
		4BD1B2802AA282E7003432B3 /* Extensions */ = {
			isa = PBXGroup;
			children = (
				4BD1B2812AA282FE003432B3 /* UIView.swift */,
				4BD1B2A22AA37613003432B3 /* String.swift */,
				4BD1B2BE2AA47848003432B3 /* UIStackView.swift */,
			);
			path = Extensions;
			sourceTree = "<group>";
		};
		4BD1B2912AA31DF6003432B3 /* Coordinator */ = {
			isa = PBXGroup;
			children = (
				4BD1B2642AA25585003432B3 /* Coordinator.swift */,
				4BD1B2662AA25598003432B3 /* MainCoordinator.swift */,
				4BD1B29E2AA32B8E003432B3 /* BreedCoordinator.swift */,
			);
			path = Coordinator;
			sourceTree = "<group>";
		};
		4BD1B2922AA31E05003432B3 /* Repositories */ = {
			isa = PBXGroup;
			children = (
				4BD1B27E2AA2749B003432B3 /* BreedRepository.swift */,
			);
			path = Repositories;
			sourceTree = "<group>";
		};
		4BD1B2932AA31E1C003432B3 /* View */ = {
			isa = PBXGroup;
			children = (
				4BD1B2B62AA3C75B003432B3 /* Cells */,
				4BD1B2942AA31FE2003432B3 /* Sections */,
				4BD1B27B2AA27349003432B3 /* ViewState.swift */,
				4BD1B2852AA28954003432B3 /* ConfigurableCell.swift */,
				4BD1B2872AA28971003432B3 /* CellViewModel.swift */,
				4BD1B28B2AA30976003432B3 /* CollectionViewAdapter.swift */,
				4BD1B28D2AA309D8003432B3 /* ListSection.swift */,
				4BD1B2A02AA34512003432B3 /* BaseView.swift */,
				4BD1B2A92AA389C0003432B3 /* GradientView.swift */,
				4BDF8D8D2AA4BFB9008790FA /* AppError.swift */,
			);
			path = View;
			sourceTree = "<group>";
		};
		4BD1B2942AA31FE2003432B3 /* Sections */ = {
			isa = PBXGroup;
			children = (
			);
			path = Sections;
			sourceTree = "<group>";
		};
		4BD1B2992AA32AC3003432B3 /* Details */ = {
			isa = PBXGroup;
			children = (
				4BD1B2A42AA3818A003432B3 /* Cells */,
				4BD1B29A2AA32ADC003432B3 /* DetailViewController.swift */,
				4BD1B29C2AA32AF3003432B3 /* DetailViewModel.swift */,
			);
			path = Details;
			sourceTree = "<group>";
		};
		4BD1B2A42AA3818A003432B3 /* Cells */ = {
			isa = PBXGroup;
			children = (
				4BD1B2B02AA3B82A003432B3 /* Header */,
				4BD1B2B72AA3C76F003432B3 /* Body */,
			);
			path = Cells;
			sourceTree = "<group>";
		};
		4BD1B2AF2AA397AC003432B3 /* Endpoints */ = {
			isa = PBXGroup;
			children = (
				4BD1B2AD2AA3979E003432B3 /* ImageSearchEndpoint.swift */,
				4BD1B2792AA26549003432B3 /* BreedListEndpoint.swift */,
			);
			path = Endpoints;
			sourceTree = "<group>";
		};
		4BD1B2B02AA3B82A003432B3 /* Header */ = {
			isa = PBXGroup;
			children = (
				4BD1B2A52AA381DC003432B3 /* DetailHeaderImageCell.swift */,
				4BD1B2AB2AA3935B003432B3 /* DetailHeaderImageCellViewModel.swift */,
				4BD1B2A72AA38338003432B3 /* DetailHeaderSection.swift */,
			);
			path = Header;
			sourceTree = "<group>";
		};
		4BD1B2B62AA3C75B003432B3 /* Cells */ = {
			isa = PBXGroup;
			children = (
				4BD1B2972AA3203B003432B3 /* TextCell.swift */,
				4BD1B2B12AA3B8D6003432B3 /* TextCellViewModel.swift */,
			);
			path = Cells;
			sourceTree = "<group>";
		};
		4BD1B2B72AA3C76F003432B3 /* Body */ = {
			isa = PBXGroup;
			children = (
				4BD1B2952AA31FF8003432B3 /* DetailBodySection.swift */,
				4BD1B2B82AA3C8AE003432B3 /* DetailHorizontalCell.swift */,
				4BD1B2BA2AA3D964003432B3 /* DetailHorizontalCellViewModel.swift */,
			);
			path = Body;
			sourceTree = "<group>";
		};
		4BD1B2C02AA4807F003432B3 /* Features */ = {
			isa = PBXGroup;
			children = (
				4BD1B2C12AA4808F003432B3 /* Home */,
				4B6AFD4C2AA4E33000A8F694 /* Details */,
			);
			path = Features;
			sourceTree = "<group>";
		};
		4BD1B2C12AA4808F003432B3 /* Home */ = {
			isa = PBXGroup;
			children = (
				4BD1B2C22AA4809B003432B3 /* HomeViewModelTests.swift */,
				4BDF8D8F2AA4C4C1008790FA /* BreedListSectionTests.swift */,
				4BDF8D982AA4CC52008790FA /* BreedCellViewModelTests.swift */,
				4BDF8D9D2AA4D48B008790FA /* HomeViewControllerTests.swift */,
			);
			path = Home;
			sourceTree = "<group>";
		};
		4BD1B2C42AA480BE003432B3 /* Mocks */ = {
			isa = PBXGroup;
			children = (
				4BD1B2C72AA48BDD003432B3 /* JSONs */,
				4BD1B2C52AA480CE003432B3 /* BreedRepositoryMock.swift */,
				4BEE40C02AA4FD4E00F255B1 /* HTTPClientMock.swift */,
				4BEE40C62AA5047E00F255B1 /* MockURLProtocol.swift */,
				4BD1B2CC2AA48CB7003432B3 /* MockHelper.swift */,
			);
			path = Mocks;
			sourceTree = "<group>";
		};
		4BD1B2C72AA48BDD003432B3 /* JSONs */ = {
			isa = PBXGroup;
			children = (
				4BD1B2D02AA48F15003432B3 /* image_search_endpoint_success.json */,
				4BD1B2CA2AA48C5C003432B3 /* empty_json.json */,
				4BDF8D8B2AA4BC83008790FA /* breed_example.json */,
			);
			path = JSONs;
			sourceTree = "<group>";
		};
		4BDF8D932AA4C800008790FA /* Cells */ = {
			isa = PBXGroup;
			children = (
				4BD1B28F2AA30D46003432B3 /* BreedListSection.swift */,
				4BD1B2832AA28812003432B3 /* BreedCell.swift */,
				4BD1B2892AA289FD003432B3 /* BreedCellViewModel.swift */,
			);
			path = Cells;
			sourceTree = "<group>";
		};
		4BDF8D952AA4C86F008790FA /* Environment */ = {
			isa = PBXGroup;
			children = (
				4BDF8D942AA4C86A008790FA /* Production.xcconfig */,
				4BDF8D962AA4C968008790FA /* Environment.swift */,
			);
			path = Environment;
			sourceTree = "<group>";
		};
		4BEE40BB2AA4FBEE00F255B1 /* Common */ = {
			isa = PBXGroup;
			children = (
				4BEE40BC2AA4FBF800F255B1 /* BreedListEndpointTests.swift */,
				4BEE40CA2AA50E7800F255B1 /* ImageSearchEndpointTests.swift */,
				4BEE40BE2AA4FD1200F255B1 /* BreedRepositoryTests.swift */,
				4BEE40C22AA5009C00F255B1 /* CollectionViewAdapterTests.swift */,
				4BEE40C42AA503F600F255B1 /* HTTPClientTests.swift */,
				4BEE40C82AA50B9300F255B1 /* ViewStateTests.swift */,
			);
			path = Common;
			sourceTree = "<group>";
		};
/* End PBXGroup section */

/* Begin PBXNativeTarget section */
		4BD1B22A2AA25121003432B3 /* htv-cat-ios */ = {
			isa = PBXNativeTarget;
			buildConfigurationList = 4BD1B2552AA25122003432B3 /* Build configuration list for PBXNativeTarget "htv-cat-ios" */;
			buildPhases = (
				4BD1B2272AA25121003432B3 /* Sources */,
				4BD1B2282AA25121003432B3 /* Frameworks */,
				4BD1B2292AA25121003432B3 /* Resources */,
			);
			buildRules = (
			);
			dependencies = (
			);
			name = "htv-cat-ios";
			packageProductDependencies = (
				4BD1B2B42AA3BC83003432B3 /* Kingfisher */,
				4BD1B2D32AA49900003432B3 /* CombineSchedulers */,
			);
			productName = "htv-cat-ios";
			productReference = 4BD1B22B2AA25121003432B3 /* htv-cat-ios.app */;
			productType = "com.apple.product-type.application";
		};
		4BD1B2402AA25122003432B3 /* htv-cat-iosTests */ = {
			isa = PBXNativeTarget;
			buildConfigurationList = 4BD1B2582AA25122003432B3 /* Build configuration list for PBXNativeTarget "htv-cat-iosTests" */;
			buildPhases = (
				4BD1B23D2AA25122003432B3 /* Sources */,
				4BD1B23E2AA25122003432B3 /* Frameworks */,
				4BD1B23F2AA25122003432B3 /* Resources */,
			);
			buildRules = (
			);
			dependencies = (
				4BD1B2432AA25122003432B3 /* PBXTargetDependency */,
			);
			name = "htv-cat-iosTests";
			packageProductDependencies = (
				4BDF8D9B2AA4D45B008790FA /* SnapshotTesting */,
			);
			productName = "htv-cat-iosTests";
			productReference = 4BD1B2412AA25122003432B3 /* htv-cat-iosTests.xctest */;
			productType = "com.apple.product-type.bundle.unit-test";
		};
		4BD1B24A2AA25122003432B3 /* htv-cat-iosUITests */ = {
			isa = PBXNativeTarget;
			buildConfigurationList = 4BD1B25B2AA25122003432B3 /* Build configuration list for PBXNativeTarget "htv-cat-iosUITests" */;
			buildPhases = (
				4BD1B2472AA25122003432B3 /* Sources */,
				4BD1B2482AA25122003432B3 /* Frameworks */,
				4BD1B2492AA25122003432B3 /* Resources */,
			);
			buildRules = (
			);
			dependencies = (
				4BD1B24D2AA25122003432B3 /* PBXTargetDependency */,
			);
			name = "htv-cat-iosUITests";
			productName = "htv-cat-iosUITests";
			productReference = 4BD1B24B2AA25122003432B3 /* htv-cat-iosUITests.xctest */;
			productType = "com.apple.product-type.bundle.ui-testing";
		};
/* End PBXNativeTarget section */

/* Begin PBXProject section */
		4BD1B2232AA25121003432B3 /* Project object */ = {
			isa = PBXProject;
			attributes = {
				BuildIndependentTargetsInParallel = 1;
				LastSwiftUpdateCheck = 1430;
				LastUpgradeCheck = 1430;
				TargetAttributes = {
					4BD1B22A2AA25121003432B3 = {
						CreatedOnToolsVersion = 14.3.1;
					};
					4BD1B2402AA25122003432B3 = {
						CreatedOnToolsVersion = 14.3.1;
						TestTargetID = 4BD1B22A2AA25121003432B3;
					};
					4BD1B24A2AA25122003432B3 = {
						CreatedOnToolsVersion = 14.3.1;
						TestTargetID = 4BD1B22A2AA25121003432B3;
					};
				};
			};
			buildConfigurationList = 4BD1B2262AA25121003432B3 /* Build configuration list for PBXProject "htv-cat-ios" */;
			compatibilityVersion = "Xcode 14.0";
			developmentRegion = en;
			hasScannedForEncodings = 0;
			knownRegions = (
				en,
				Base,
			);
			mainGroup = 4BD1B2222AA25121003432B3;
			packageReferences = (
				4BD1B2B32AA3BC83003432B3 /* XCRemoteSwiftPackageReference "Kingfisher" */,
				4BD1B2D22AA49900003432B3 /* XCRemoteSwiftPackageReference "combine-schedulers" */,
				4BDF8D9A2AA4D45B008790FA /* XCRemoteSwiftPackageReference "swift-snapshot-testing" */,
			);
			productRefGroup = 4BD1B22C2AA25121003432B3 /* Products */;
			projectDirPath = "";
			projectRoot = "";
			targets = (
				4BD1B22A2AA25121003432B3 /* htv-cat-ios */,
				4BD1B2402AA25122003432B3 /* htv-cat-iosTests */,
				4BD1B24A2AA25122003432B3 /* htv-cat-iosUITests */,
			);
		};
/* End PBXProject section */

/* Begin PBXResourcesBuildPhase section */
		4BD1B2292AA25121003432B3 /* Resources */ = {
			isa = PBXResourcesBuildPhase;
			buildActionMask = 2147483647;
			files = (
				4BD1B23B2AA25122003432B3 /* LaunchScreen.storyboard in Resources */,
				4B6AFD492AA4D79800A8F694 /* StateView.xib in Resources */,
				4BD1B2382AA25122003432B3 /* Assets.xcassets in Resources */,
				4BD1B2362AA25121003432B3 /* Main.storyboard in Resources */,
			);
			runOnlyForDeploymentPostprocessing = 0;
		};
		4BD1B23F2AA25122003432B3 /* Resources */ = {
			isa = PBXResourcesBuildPhase;
			buildActionMask = 2147483647;
			files = (
				4BD1B2D12AA48F15003432B3 /* image_search_endpoint_success.json in Resources */,
				4BDF8D8C2AA4BC83008790FA /* breed_example.json in Resources */,
				4BD1B2CB2AA48C5C003432B3 /* empty_json.json in Resources */,
			);
			runOnlyForDeploymentPostprocessing = 0;
		};
		4BD1B2492AA25122003432B3 /* Resources */ = {
			isa = PBXResourcesBuildPhase;
			buildActionMask = 2147483647;
			files = (
			);
			runOnlyForDeploymentPostprocessing = 0;
		};
/* End PBXResourcesBuildPhase section */

/* Begin PBXSourcesBuildPhase section */
		4BD1B2272AA25121003432B3 /* Sources */ = {
			isa = PBXSourcesBuildPhase;
			buildActionMask = 2147483647;
			files = (
				4BD1B2672AA25598003432B3 /* MainCoordinator.swift in Sources */,
				4BD1B26E2AA258B6003432B3 /* HomeViewModel.swift in Sources */,
				4BDF8D8E2AA4BFB9008790FA /* AppError.swift in Sources */,
				4BD1B27C2AA27349003432B3 /* ViewState.swift in Sources */,
				4BD1B2B92AA3C8AE003432B3 /* DetailHorizontalCell.swift in Sources */,
				4BD1B2842AA28812003432B3 /* BreedCell.swift in Sources */,
				4BDF8D922AA4C559008790FA /* SnakeCaseJSONDecoder.swift in Sources */,
				4BD1B22F2AA25121003432B3 /* AppDelegate.swift in Sources */,
				4B6AFD4B2AA4D8FD00A8F694 /* StateView.swift in Sources */,
				4BD1B2652AA25585003432B3 /* Coordinator.swift in Sources */,
				4BDF8D972AA4C968008790FA /* Environment.swift in Sources */,
				4BD1B2A12AA34512003432B3 /* BaseView.swift in Sources */,
				4BD1B2712AA25CCF003432B3 /* BreedModel.swift in Sources */,
				4BD1B2762AA262AA003432B3 /* HTTPClient.swift in Sources */,
				4BD1B2A62AA381DC003432B3 /* DetailHeaderImageCell.swift in Sources */,
				4BD1B2312AA25121003432B3 /* SceneDelegate.swift in Sources */,
				4BD1B2782AA2645D003432B3 /* HTTPRequest.swift in Sources */,
				4BD1B2982AA3203B003432B3 /* TextCell.swift in Sources */,
				4BD1B2882AA28971003432B3 /* CellViewModel.swift in Sources */,
				4BD1B2622AA254A9003432B3 /* HomeViewController.swift in Sources */,
				4BD1B29D2AA32AF3003432B3 /* DetailViewModel.swift in Sources */,
				4BD1B28E2AA309D8003432B3 /* ListSection.swift in Sources */,
				4BD1B2AC2AA3935B003432B3 /* DetailHeaderImageCellViewModel.swift in Sources */,
				4BD1B2BB2AA3D964003432B3 /* DetailHorizontalCellViewModel.swift in Sources */,
				4BD1B28C2AA30976003432B3 /* CollectionViewAdapter.swift in Sources */,
				4BD1B29B2AA32ADC003432B3 /* DetailViewController.swift in Sources */,
				4BD1B2A32AA37613003432B3 /* String.swift in Sources */,
				4BD1B2AA2AA389C0003432B3 /* GradientView.swift in Sources */,
				4BD1B2AE2AA3979E003432B3 /* ImageSearchEndpoint.swift in Sources */,
				4BD1B2A82AA38338003432B3 /* DetailHeaderSection.swift in Sources */,
				4BD1B2822AA282FE003432B3 /* UIView.swift in Sources */,
				4BD1B28A2AA289FD003432B3 /* BreedCellViewModel.swift in Sources */,
				4BD1B2962AA31FF8003432B3 /* DetailBodySection.swift in Sources */,
				4BD1B2B22AA3B8D6003432B3 /* TextCellViewModel.swift in Sources */,
				4BD1B2732AA25E4A003432B3 /* BreedImageModel.swift in Sources */,
				4BD1B29F2AA32B8E003432B3 /* BreedCoordinator.swift in Sources */,
				4BD1B2862AA28954003432B3 /* ConfigurableCell.swift in Sources */,
				4BD1B27F2AA2749B003432B3 /* BreedRepository.swift in Sources */,
				4BD1B2902AA30D46003432B3 /* BreedListSection.swift in Sources */,
				4BD1B27A2AA26549003432B3 /* BreedListEndpoint.swift in Sources */,
				4BD1B2BF2AA47848003432B3 /* UIStackView.swift in Sources */,
			);
			runOnlyForDeploymentPostprocessing = 0;
		};
		4BD1B23D2AA25122003432B3 /* Sources */ = {
			isa = PBXSourcesBuildPhase;
			buildActionMask = 2147483647;
			files = (
				4BEE40C72AA5047E00F255B1 /* MockURLProtocol.swift in Sources */,
				4B6AFD5D2AA4F42C00A8F694 /* DetailHeaderImageCellTests.swift in Sources */,
				4BEE40BF2AA4FD1200F255B1 /* BreedRepositoryTests.swift in Sources */,
				4BDF8D902AA4C4C1008790FA /* BreedListSectionTests.swift in Sources */,
				4B6AFD542AA4EA4400A8F694 /* DetailHorizontalCellViewModelTests.swift in Sources */,
				4BEE40C32AA5009C00F255B1 /* CollectionViewAdapterTests.swift in Sources */,
				4BDF8D9E2AA4D48B008790FA /* HomeViewControllerTests.swift in Sources */,
				4B6AFD522AA4E93200A8F694 /* DetailBodySectionTests.swift in Sources */,
				4B6AFD562AA4EC4400A8F694 /* DetailHeaderImageCellViewModelTests.swift in Sources */,
				4BEE40CB2AA50E7800F255B1 /* ImageSearchEndpointTests.swift in Sources */,
				4BDF8D992AA4CC52008790FA /* BreedCellViewModelTests.swift in Sources */,
				4BEE40C92AA50B9300F255B1 /* ViewStateTests.swift in Sources */,
				4BEE40C12AA4FD4E00F255B1 /* HTTPClientMock.swift in Sources */,
				4BEE40C52AA503F600F255B1 /* HTTPClientTests.swift in Sources */,
				4B6AFD4E2AA4E33E00A8F694 /* DetailViewModelTests.swift in Sources */,
				4BD1B2CD2AA48CB7003432B3 /* MockHelper.swift in Sources */,
				4BEE40BD2AA4FBF800F255B1 /* BreedListEndpointTests.swift in Sources */,
				4B6AFD502AA4E82500A8F694 /* DetailHeaderSectionTests.swift in Sources */,
				4BD1B2C62AA480CE003432B3 /* BreedRepositoryMock.swift in Sources */,
				4B6AFD5F2AA4F68400A8F694 /* DetailViewControllerTests.swift in Sources */,
				4B6AFD582AA4ED2300A8F694 /* DetailHorizontalCellTests.swift in Sources */,
				4BD1B2C32AA4809B003432B3 /* HomeViewModelTests.swift in Sources */,
				4B6AFD5B2AA4EE4000A8F694 /* CollectionViewCellSnapshotContainer.swift in Sources */,
			);
			runOnlyForDeploymentPostprocessing = 0;
		};
		4BD1B2472AA25122003432B3 /* Sources */ = {
			isa = PBXSourcesBuildPhase;
			buildActionMask = 2147483647;
			files = (
				4BD1B2522AA25122003432B3 /* htv_cat_iosUITestsLaunchTests.swift in Sources */,
				4BD1B2502AA25122003432B3 /* htv_cat_iosUITests.swift in Sources */,
			);
			runOnlyForDeploymentPostprocessing = 0;
		};
/* End PBXSourcesBuildPhase section */

/* Begin PBXTargetDependency section */
		4BD1B2432AA25122003432B3 /* PBXTargetDependency */ = {
			isa = PBXTargetDependency;
			target = 4BD1B22A2AA25121003432B3 /* htv-cat-ios */;
			targetProxy = 4BD1B2422AA25122003432B3 /* PBXContainerItemProxy */;
		};
		4BD1B24D2AA25122003432B3 /* PBXTargetDependency */ = {
			isa = PBXTargetDependency;
			target = 4BD1B22A2AA25121003432B3 /* htv-cat-ios */;
			targetProxy = 4BD1B24C2AA25122003432B3 /* PBXContainerItemProxy */;
		};
/* End PBXTargetDependency section */

/* Begin PBXVariantGroup section */
		4BD1B2342AA25121003432B3 /* Main.storyboard */ = {
			isa = PBXVariantGroup;
			children = (
				4BD1B2352AA25121003432B3 /* Base */,
			);
			name = Main.storyboard;
			sourceTree = "<group>";
		};
		4BD1B2392AA25122003432B3 /* LaunchScreen.storyboard */ = {
			isa = PBXVariantGroup;
			children = (
				4BD1B23A2AA25122003432B3 /* Base */,
			);
			name = LaunchScreen.storyboard;
			sourceTree = "<group>";
		};
/* End PBXVariantGroup section */

/* Begin XCBuildConfiguration section */
		4BD1B2532AA25122003432B3 /* Debug */ = {
			isa = XCBuildConfiguration;
			baseConfigurationReference = 4BDF8D942AA4C86A008790FA /* Production.xcconfig */;
			buildSettings = {
				ALWAYS_SEARCH_USER_PATHS = NO;
				CLANG_ANALYZER_NONNULL = YES;
				CLANG_ANALYZER_NUMBER_OBJECT_CONVERSION = YES_AGGRESSIVE;
				CLANG_CXX_LANGUAGE_STANDARD = "gnu++20";
				CLANG_ENABLE_MODULES = YES;
				CLANG_ENABLE_OBJC_ARC = YES;
				CLANG_ENABLE_OBJC_WEAK = YES;
				CLANG_WARN_BLOCK_CAPTURE_AUTORELEASING = YES;
				CLANG_WARN_BOOL_CONVERSION = YES;
				CLANG_WARN_COMMA = YES;
				CLANG_WARN_CONSTANT_CONVERSION = YES;
				CLANG_WARN_DEPRECATED_OBJC_IMPLEMENTATIONS = YES;
				CLANG_WARN_DIRECT_OBJC_ISA_USAGE = YES_ERROR;
				CLANG_WARN_DOCUMENTATION_COMMENTS = YES;
				CLANG_WARN_EMPTY_BODY = YES;
				CLANG_WARN_ENUM_CONVERSION = YES;
				CLANG_WARN_INFINITE_RECURSION = YES;
				CLANG_WARN_INT_CONVERSION = YES;
				CLANG_WARN_NON_LITERAL_NULL_CONVERSION = YES;
				CLANG_WARN_OBJC_IMPLICIT_RETAIN_SELF = YES;
				CLANG_WARN_OBJC_LITERAL_CONVERSION = YES;
				CLANG_WARN_OBJC_ROOT_CLASS = YES_ERROR;
				CLANG_WARN_QUOTED_INCLUDE_IN_FRAMEWORK_HEADER = YES;
				CLANG_WARN_RANGE_LOOP_ANALYSIS = YES;
				CLANG_WARN_STRICT_PROTOTYPES = YES;
				CLANG_WARN_SUSPICIOUS_MOVE = YES;
				CLANG_WARN_UNGUARDED_AVAILABILITY = YES_AGGRESSIVE;
				CLANG_WARN_UNREACHABLE_CODE = YES;
				CLANG_WARN__DUPLICATE_METHOD_MATCH = YES;
				COPY_PHASE_STRIP = NO;
				DEBUG_INFORMATION_FORMAT = dwarf;
				ENABLE_STRICT_OBJC_MSGSEND = YES;
				ENABLE_TESTABILITY = YES;
				GCC_C_LANGUAGE_STANDARD = gnu11;
				GCC_DYNAMIC_NO_PIC = NO;
				GCC_NO_COMMON_BLOCKS = YES;
				GCC_OPTIMIZATION_LEVEL = 0;
				GCC_PREPROCESSOR_DEFINITIONS = (
					"DEBUG=1",
					"$(inherited)",
				);
				GCC_WARN_64_TO_32_BIT_CONVERSION = YES;
				GCC_WARN_ABOUT_RETURN_TYPE = YES_ERROR;
				GCC_WARN_UNDECLARED_SELECTOR = YES;
				GCC_WARN_UNINITIALIZED_AUTOS = YES_AGGRESSIVE;
				GCC_WARN_UNUSED_FUNCTION = YES;
				GCC_WARN_UNUSED_VARIABLE = YES;
				IPHONEOS_DEPLOYMENT_TARGET = 16.4;
				MTL_ENABLE_DEBUG_INFO = INCLUDE_SOURCE;
				MTL_FAST_MATH = YES;
				ONLY_ACTIVE_ARCH = YES;
				SDKROOT = iphoneos;
				SWIFT_ACTIVE_COMPILATION_CONDITIONS = DEBUG;
				SWIFT_OPTIMIZATION_LEVEL = "-Onone";
			};
			name = Debug;
		};
		4BD1B2542AA25122003432B3 /* Release */ = {
			isa = XCBuildConfiguration;
			baseConfigurationReference = 4BDF8D942AA4C86A008790FA /* Production.xcconfig */;
			buildSettings = {
				ALWAYS_SEARCH_USER_PATHS = NO;
				CLANG_ANALYZER_NONNULL = YES;
				CLANG_ANALYZER_NUMBER_OBJECT_CONVERSION = YES_AGGRESSIVE;
				CLANG_CXX_LANGUAGE_STANDARD = "gnu++20";
				CLANG_ENABLE_MODULES = YES;
				CLANG_ENABLE_OBJC_ARC = YES;
				CLANG_ENABLE_OBJC_WEAK = YES;
				CLANG_WARN_BLOCK_CAPTURE_AUTORELEASING = YES;
				CLANG_WARN_BOOL_CONVERSION = YES;
				CLANG_WARN_COMMA = YES;
				CLANG_WARN_CONSTANT_CONVERSION = YES;
				CLANG_WARN_DEPRECATED_OBJC_IMPLEMENTATIONS = YES;
				CLANG_WARN_DIRECT_OBJC_ISA_USAGE = YES_ERROR;
				CLANG_WARN_DOCUMENTATION_COMMENTS = YES;
				CLANG_WARN_EMPTY_BODY = YES;
				CLANG_WARN_ENUM_CONVERSION = YES;
				CLANG_WARN_INFINITE_RECURSION = YES;
				CLANG_WARN_INT_CONVERSION = YES;
				CLANG_WARN_NON_LITERAL_NULL_CONVERSION = YES;
				CLANG_WARN_OBJC_IMPLICIT_RETAIN_SELF = YES;
				CLANG_WARN_OBJC_LITERAL_CONVERSION = YES;
				CLANG_WARN_OBJC_ROOT_CLASS = YES_ERROR;
				CLANG_WARN_QUOTED_INCLUDE_IN_FRAMEWORK_HEADER = YES;
				CLANG_WARN_RANGE_LOOP_ANALYSIS = YES;
				CLANG_WARN_STRICT_PROTOTYPES = YES;
				CLANG_WARN_SUSPICIOUS_MOVE = YES;
				CLANG_WARN_UNGUARDED_AVAILABILITY = YES_AGGRESSIVE;
				CLANG_WARN_UNREACHABLE_CODE = YES;
				CLANG_WARN__DUPLICATE_METHOD_MATCH = YES;
				COPY_PHASE_STRIP = NO;
				DEBUG_INFORMATION_FORMAT = "dwarf-with-dsym";
				ENABLE_NS_ASSERTIONS = NO;
				ENABLE_STRICT_OBJC_MSGSEND = YES;
				GCC_C_LANGUAGE_STANDARD = gnu11;
				GCC_NO_COMMON_BLOCKS = YES;
				GCC_WARN_64_TO_32_BIT_CONVERSION = YES;
				GCC_WARN_ABOUT_RETURN_TYPE = YES_ERROR;
				GCC_WARN_UNDECLARED_SELECTOR = YES;
				GCC_WARN_UNINITIALIZED_AUTOS = YES_AGGRESSIVE;
				GCC_WARN_UNUSED_FUNCTION = YES;
				GCC_WARN_UNUSED_VARIABLE = YES;
				IPHONEOS_DEPLOYMENT_TARGET = 16.4;
				MTL_ENABLE_DEBUG_INFO = NO;
				MTL_FAST_MATH = YES;
				SDKROOT = iphoneos;
				SWIFT_COMPILATION_MODE = wholemodule;
				SWIFT_OPTIMIZATION_LEVEL = "-O";
				VALIDATE_PRODUCT = YES;
			};
			name = Release;
		};
		4BD1B2562AA25122003432B3 /* Debug */ = {
			isa = XCBuildConfiguration;
			baseConfigurationReference = 4BDF8D942AA4C86A008790FA /* Production.xcconfig */;
			buildSettings = {
				ASSETCATALOG_COMPILER_APPICON_NAME = AppIcon;
				ASSETCATALOG_COMPILER_GLOBAL_ACCENT_COLOR_NAME = AccentColor;
				CODE_SIGN_STYLE = Manual;
				CURRENT_PROJECT_VERSION = 1;
				DEVELOPMENT_TEAM = "";
				GENERATE_INFOPLIST_FILE = YES;
				INFOPLIST_FILE = "htv-cat-ios/SupportingFiles/Info.plist";
				INFOPLIST_KEY_CFBundleDisplayName = CatList;
				INFOPLIST_KEY_LSApplicationCategoryType = "public.app-category.entertainment";
				INFOPLIST_KEY_UIApplicationSupportsIndirectInputEvents = YES;
				INFOPLIST_KEY_UILaunchStoryboardName = LaunchScreen;
				INFOPLIST_KEY_UISupportedInterfaceOrientations = UIInterfaceOrientationPortrait;
				INFOPLIST_KEY_UISupportedInterfaceOrientations_iPad = "UIInterfaceOrientationLandscapeLeft UIInterfaceOrientationLandscapeRight UIInterfaceOrientationPortrait UIInterfaceOrientationPortraitUpsideDown";
				IPHONEOS_DEPLOYMENT_TARGET = 15.0;
				LD_RUNPATH_SEARCH_PATHS = (
					"$(inherited)",
					"@executable_path/Frameworks",
				);
				MARKETING_VERSION = 1.0;
				PRODUCT_BUNDLE_IDENTIFIER = "com.phlourenco.htv-cat-ios";
				PRODUCT_NAME = "$(TARGET_NAME)";
				PROVISIONING_PROFILE_SPECIFIER = "";
				SUPPORTED_PLATFORMS = "iphoneos iphonesimulator";
				SUPPORTS_MACCATALYST = NO;
				SUPPORTS_MAC_DESIGNED_FOR_IPHONE_IPAD = NO;
				SWIFT_EMIT_LOC_STRINGS = YES;
				SWIFT_VERSION = 5.0;
				TARGETED_DEVICE_FAMILY = 1;
			};
			name = Debug;
		};
		4BD1B2572AA25122003432B3 /* Release */ = {
			isa = XCBuildConfiguration;
			baseConfigurationReference = 4BDF8D942AA4C86A008790FA /* Production.xcconfig */;
			buildSettings = {
				ASSETCATALOG_COMPILER_APPICON_NAME = AppIcon;
				ASSETCATALOG_COMPILER_GLOBAL_ACCENT_COLOR_NAME = AccentColor;
				CODE_SIGN_STYLE = Manual;
				CURRENT_PROJECT_VERSION = 1;
				DEVELOPMENT_TEAM = "";
				GENERATE_INFOPLIST_FILE = YES;
				INFOPLIST_FILE = "htv-cat-ios/SupportingFiles/Info.plist";
				INFOPLIST_KEY_CFBundleDisplayName = CatList;
				INFOPLIST_KEY_LSApplicationCategoryType = "public.app-category.entertainment";
				INFOPLIST_KEY_UIApplicationSupportsIndirectInputEvents = YES;
				INFOPLIST_KEY_UILaunchStoryboardName = LaunchScreen;
				INFOPLIST_KEY_UISupportedInterfaceOrientations = UIInterfaceOrientationPortrait;
				INFOPLIST_KEY_UISupportedInterfaceOrientations_iPad = "UIInterfaceOrientationLandscapeLeft UIInterfaceOrientationLandscapeRight UIInterfaceOrientationPortrait UIInterfaceOrientationPortraitUpsideDown";
				IPHONEOS_DEPLOYMENT_TARGET = 15.0;
				LD_RUNPATH_SEARCH_PATHS = (
					"$(inherited)",
					"@executable_path/Frameworks",
				);
				MARKETING_VERSION = 1.0;
				PRODUCT_BUNDLE_IDENTIFIER = "com.phlourenco.htv-cat-ios";
				PRODUCT_NAME = "$(TARGET_NAME)";
				PROVISIONING_PROFILE_SPECIFIER = "";
				SUPPORTED_PLATFORMS = "iphoneos iphonesimulator";
				SUPPORTS_MACCATALYST = NO;
				SUPPORTS_MAC_DESIGNED_FOR_IPHONE_IPAD = NO;
				SWIFT_EMIT_LOC_STRINGS = YES;
				SWIFT_VERSION = 5.0;
				TARGETED_DEVICE_FAMILY = 1;
			};
			name = Release;
		};
		4BD1B2592AA25122003432B3 /* Debug */ = {
			isa = XCBuildConfiguration;
			baseConfigurationReference = 4BDF8D942AA4C86A008790FA /* Production.xcconfig */;
			buildSettings = {
				ALWAYS_EMBED_SWIFT_STANDARD_LIBRARIES = YES;
				BUNDLE_LOADER = "$(TEST_HOST)";
				CODE_SIGN_STYLE = Automatic;
				CURRENT_PROJECT_VERSION = 1;
				DEVELOPMENT_TEAM = W8W67XPP2J;
				GENERATE_INFOPLIST_FILE = YES;
				IPHONEOS_DEPLOYMENT_TARGET = 16.4;
				MARKETING_VERSION = 1.0;
				PRODUCT_BUNDLE_IDENTIFIER = "com.phlourenco.htv-cat-iosTests";
				PRODUCT_NAME = "$(TARGET_NAME)";
				SWIFT_EMIT_LOC_STRINGS = NO;
				SWIFT_VERSION = 5.0;
				TARGETED_DEVICE_FAMILY = "1,2";
				TEST_HOST = "$(BUILT_PRODUCTS_DIR)/htv-cat-ios.app/$(BUNDLE_EXECUTABLE_FOLDER_PATH)/htv-cat-ios";
			};
			name = Debug;
		};
		4BD1B25A2AA25122003432B3 /* Release */ = {
			isa = XCBuildConfiguration;
			baseConfigurationReference = 4BDF8D942AA4C86A008790FA /* Production.xcconfig */;
			buildSettings = {
				ALWAYS_EMBED_SWIFT_STANDARD_LIBRARIES = YES;
				BUNDLE_LOADER = "$(TEST_HOST)";
				CODE_SIGN_STYLE = Automatic;
				CURRENT_PROJECT_VERSION = 1;
				DEVELOPMENT_TEAM = W8W67XPP2J;
				GENERATE_INFOPLIST_FILE = YES;
				IPHONEOS_DEPLOYMENT_TARGET = 16.4;
				MARKETING_VERSION = 1.0;
				PRODUCT_BUNDLE_IDENTIFIER = "com.phlourenco.htv-cat-iosTests";
				PRODUCT_NAME = "$(TARGET_NAME)";
				SWIFT_EMIT_LOC_STRINGS = NO;
				SWIFT_VERSION = 5.0;
				TARGETED_DEVICE_FAMILY = "1,2";
				TEST_HOST = "$(BUILT_PRODUCTS_DIR)/htv-cat-ios.app/$(BUNDLE_EXECUTABLE_FOLDER_PATH)/htv-cat-ios";
			};
			name = Release;
		};
		4BD1B25C2AA25122003432B3 /* Debug */ = {
			isa = XCBuildConfiguration;
			baseConfigurationReference = 4BDF8D942AA4C86A008790FA /* Production.xcconfig */;
			buildSettings = {
				ALWAYS_EMBED_SWIFT_STANDARD_LIBRARIES = YES;
				CODE_SIGN_STYLE = Automatic;
				CURRENT_PROJECT_VERSION = 1;
				DEVELOPMENT_TEAM = W8W67XPP2J;
				GENERATE_INFOPLIST_FILE = YES;
				MARKETING_VERSION = 1.0;
				PRODUCT_BUNDLE_IDENTIFIER = "com.phlourenco.htv-cat-iosUITests";
				PRODUCT_NAME = "$(TARGET_NAME)";
				SWIFT_EMIT_LOC_STRINGS = NO;
				SWIFT_VERSION = 5.0;
				TARGETED_DEVICE_FAMILY = "1,2";
				TEST_TARGET_NAME = "htv-cat-ios";
			};
			name = Debug;
		};
		4BD1B25D2AA25122003432B3 /* Release */ = {
			isa = XCBuildConfiguration;
			baseConfigurationReference = 4BDF8D942AA4C86A008790FA /* Production.xcconfig */;
			buildSettings = {
				ALWAYS_EMBED_SWIFT_STANDARD_LIBRARIES = YES;
				CODE_SIGN_STYLE = Automatic;
				CURRENT_PROJECT_VERSION = 1;
				DEVELOPMENT_TEAM = W8W67XPP2J;
				GENERATE_INFOPLIST_FILE = YES;
				MARKETING_VERSION = 1.0;
				PRODUCT_BUNDLE_IDENTIFIER = "com.phlourenco.htv-cat-iosUITests";
				PRODUCT_NAME = "$(TARGET_NAME)";
				SWIFT_EMIT_LOC_STRINGS = NO;
				SWIFT_VERSION = 5.0;
				TARGETED_DEVICE_FAMILY = "1,2";
				TEST_TARGET_NAME = "htv-cat-ios";
			};
			name = Release;
		};
/* End XCBuildConfiguration section */

/* Begin XCConfigurationList section */
		4BD1B2262AA25121003432B3 /* Build configuration list for PBXProject "htv-cat-ios" */ = {
			isa = XCConfigurationList;
			buildConfigurations = (
				4BD1B2532AA25122003432B3 /* Debug */,
				4BD1B2542AA25122003432B3 /* Release */,
			);
			defaultConfigurationIsVisible = 0;
			defaultConfigurationName = Release;
		};
		4BD1B2552AA25122003432B3 /* Build configuration list for PBXNativeTarget "htv-cat-ios" */ = {
			isa = XCConfigurationList;
			buildConfigurations = (
				4BD1B2562AA25122003432B3 /* Debug */,
				4BD1B2572AA25122003432B3 /* Release */,
			);
			defaultConfigurationIsVisible = 0;
			defaultConfigurationName = Release;
		};
		4BD1B2582AA25122003432B3 /* Build configuration list for PBXNativeTarget "htv-cat-iosTests" */ = {
			isa = XCConfigurationList;
			buildConfigurations = (
				4BD1B2592AA25122003432B3 /* Debug */,
				4BD1B25A2AA25122003432B3 /* Release */,
			);
			defaultConfigurationIsVisible = 0;
			defaultConfigurationName = Release;
		};
		4BD1B25B2AA25122003432B3 /* Build configuration list for PBXNativeTarget "htv-cat-iosUITests" */ = {
			isa = XCConfigurationList;
			buildConfigurations = (
				4BD1B25C2AA25122003432B3 /* Debug */,
				4BD1B25D2AA25122003432B3 /* Release */,
			);
			defaultConfigurationIsVisible = 0;
			defaultConfigurationName = Release;
		};
/* End XCConfigurationList section */

/* Begin XCRemoteSwiftPackageReference section */
		4BD1B2B32AA3BC83003432B3 /* XCRemoteSwiftPackageReference "Kingfisher" */ = {
			isa = XCRemoteSwiftPackageReference;
			repositoryURL = "https://github.com/onevcat/Kingfisher.git";
			requirement = {
				kind = upToNextMajorVersion;
				minimumVersion = 7.0.0;
			};
		};
		4BD1B2D22AA49900003432B3 /* XCRemoteSwiftPackageReference "combine-schedulers" */ = {
			isa = XCRemoteSwiftPackageReference;
			repositoryURL = "https://github.com/pointfreeco/combine-schedulers";
			requirement = {
				kind = upToNextMajorVersion;
				minimumVersion = 1.0.0;
			};
		};
		4BDF8D9A2AA4D45B008790FA /* XCRemoteSwiftPackageReference "swift-snapshot-testing" */ = {
			isa = XCRemoteSwiftPackageReference;
			repositoryURL = "https://github.com/pointfreeco/swift-snapshot-testing";
			requirement = {
				kind = upToNextMajorVersion;
				minimumVersion = 1.0.0;
			};
		};
/* End XCRemoteSwiftPackageReference section */

/* Begin XCSwiftPackageProductDependency section */
		4BD1B2B42AA3BC83003432B3 /* Kingfisher */ = {
			isa = XCSwiftPackageProductDependency;
			package = 4BD1B2B32AA3BC83003432B3 /* XCRemoteSwiftPackageReference "Kingfisher" */;
			productName = Kingfisher;
		};
		4BD1B2D32AA49900003432B3 /* CombineSchedulers */ = {
			isa = XCSwiftPackageProductDependency;
			package = 4BD1B2D22AA49900003432B3 /* XCRemoteSwiftPackageReference "combine-schedulers" */;
			productName = CombineSchedulers;
		};
		4BDF8D9B2AA4D45B008790FA /* SnapshotTesting */ = {
			isa = XCSwiftPackageProductDependency;
			package = 4BDF8D9A2AA4D45B008790FA /* XCRemoteSwiftPackageReference "swift-snapshot-testing" */;
			productName = SnapshotTesting;
		};
/* End XCSwiftPackageProductDependency section */
	};
	rootObject = 4BD1B2232AA25121003432B3 /* Project object */;
}
